
Microsoft Visual Studio Solution File, Format Version 12.00
# Visual Studio Version 17
VisualStudioVersion = 17.10.35027.167
MinimumVisualStudioVersion = 10.0.40219.1
Project("{9A19103F-16F7-4668-BE54-9A1E7A4F7556}") = "MagicOnionServer", "MagicOnionStudyServer\MagicOnionServer.csproj", "{2B0AD94E-A5E3-4D71-8CE8-2AA124B2875C}"
EndProject
Project("{9A19103F-16F7-4668-BE54-9A1E7A4F7556}") = "MagicOnionStudyClient", "MagicOnionStudyClient\MagicOnionStudyClient.csproj", "{0C4E0C94-1B6C-4ED8-9E1A-C2E381CCADE3}"
EndProject
Project("{9A19103F-16F7-4668-BE54-9A1E7A4F7556}") = "Shared", "Common\Shared.csproj", "{F90EF2B6-4A43-4389-9974-7D578C922D76}"
EndProject
Global
	GlobalSection(SolutionConfigurationPlatforms) = preSolution
		Debug|Any CPU = Debug|Any CPU
		Release|Any CPU = Release|Any CPU
	EndGlobalSection
	GlobalSection(ProjectConfigurationPlatforms) = postSolution
		{2B0AD94E-A5E3-4D71-8CE8-2AA124B2875C}.Debug|Any CPU.ActiveCfg = Debug|Any CPU
		{2B0AD94E-A5E3-4D71-8CE8-2AA124B2875C}.Debug|Any CPU.Build.0 = Debug|Any CPU
		{2B0AD94E-A5E3-4D71-8CE8-2AA124B2875C}.Release|Any CPU.ActiveCfg = Release|Any CPU
		{2B0AD94E-A5E3-4D71-8CE8-2AA124B2875C}.Release|Any CPU.Build.0 = Release|Any CPU
		{0C4E0C94-1B6C-4ED8-9E1A-C2E381CCADE3}.Debug|Any CPU.ActiveCfg = Debug|Any CPU
		{0C4E0C94-1B6C-4ED8-9E1A-C2E381CCADE3}.Debug|Any CPU.Build.0 = Debug|Any CPU
		{0C4E0C94-1B6C-4ED8-9E1A-C2E381CCADE3}.Release|Any CPU.ActiveCfg = Release|Any CPU
		{0C4E0C94-1B6C-4ED8-9E1A-C2E381CCADE3}.Release|Any CPU.Build.0 = Release|Any CPU
		{F90EF2B6-4A43-4389-9974-7D578C922D76}.Debug|Any CPU.ActiveCfg = Debug|Any CPU
		{F90EF2B6-4A43-4389-9974-7D578C922D76}.Debug|Any CPU.Build.0 = Debug|Any CPU
		{F90EF2B6-4A43-4389-9974-7D578C922D76}.Release|Any CPU.ActiveCfg = Release|Any CPU
		{F90EF2B6-4A43-4389-9974-7D578C922D76}.Release|Any CPU.Build.0 = Release|Any CPU
	EndGlobalSection
	GlobalSection(SolutionProperties) = preSolution
		HideSolutionNode = FALSE
	EndGlobalSection
	GlobalSection(ExtensibilityGlobals) = postSolution
		SolutionGuid = {4C66586A-D459-47E4-A603-13B19456CC44}
	EndGlobalSection
EndGlobal
